SITE
  remote: http://community.opscode.com/api/v1
  specs:
    chef_handler (1.1.6)
    dmg (2.2.0)
    ohai (2.0.0)
    vagrant (0.2.0)
      dmg (>= 0.0.0)
      windows (>= 0.0.0)
    windows (1.31.0)
      chef_handler (>= 0.0.0)

PATH
  remote: vendor/cookbooks/connect
  specs:
    connect (0.0.1)

DEPENDENCIES
  chef_handler (~> 1.1.5)
  connect (>= 0)
  dmg (~> 2.2.0)
  ohai (~> 2.0.0)
  vagrant (~> 0.2.0)
  windows (~> 1.31.0)

